
Microsoft Visual Studio Solution File, Format Version 12.00
# Visual Studio 14
VisualStudioVersion = 14.0.25123.0
MinimumVisualStudioVersion = 10.0.40219.1
Project("{FAE04EC0-301F-11D3-BF4B-00C04F79EFBC}") = "SupercalifragilisticEpicGamingology", "SupercalifragilisticEpicGamingology\SupercalifragilisticEpicGamingology.csproj", "{D1EFAC17-4A03-4B38-BC5C-5C2FA74DF999}"
	ProjectSection(ProjectDependencies) = postProject
		{28AE5A3E-FDBD-4C31-ABF0-0BAE75A8649E} = {28AE5A3E-FDBD-4C31-ABF0-0BAE75A8649E}
		{1CBA6848-C383-4909-BA7B-9C3DA2AB6C5A} = {1CBA6848-C383-4909-BA7B-9C3DA2AB6C5A}
		{A02EC38A-067E-4F88-BCE7-0BD3B5FE28C3} = {A02EC38A-067E-4F88-BCE7-0BD3B5FE28C3}
		{039ACCA8-8B64-4361-A6C9-E7B3A621323F} = {039ACCA8-8B64-4361-A6C9-E7B3A621323F}
		{5FD811AB-95FD-4CEB-AE45-5F9226F86C1F} = {5FD811AB-95FD-4CEB-AE45-5F9226F86C1F}
		{4E92B4D8-0A97-4D04-9995-7572AA55EE35} = {4E92B4D8-0A97-4D04-9995-7572AA55EE35}
	EndProjectSection
EndProject
Project("{8BB2217D-0F2D-49D1-97BC-3654ED321F3B}") = "SEGWeb", "SEGWeb\SEGWeb.xproj", "{28AE5A3E-FDBD-4C31-ABF0-0BAE75A8649E}"
EndProject
Project("{FAE04EC0-301F-11D3-BF4B-00C04F79EFBC}") = "SEGMobile", "SEGMobile\SEGMobile.csproj", "{5FD811AB-95FD-4CEB-AE45-5F9226F86C1F}"
EndProject
Project("{FAE04EC0-301F-11D3-BF4B-00C04F79EFBC}") = "SEGVoiP", "SEGVoiP\SEGVoiP.csproj", "{1CBA6848-C383-4909-BA7B-9C3DA2AB6C5A}"
EndProject
Project("{FAE04EC0-301F-11D3-BF4B-00C04F79EFBC}") = "SEGChatLibrary", "SEGChatLibrary\SEGChatLibrary.csproj", "{4E92B4D8-0A97-4D04-9995-7572AA55EE35}"
EndProject
Project("{8BC9CEB8-8B4A-11D0-8D11-00A0C91BC942}") = "SEGOverlay", "SEGOverlay\SEGOverlay.vcxproj", "{039ACCA8-8B64-4361-A6C9-E7B3A621323F}"
EndProject
Project("{FAE04EC0-301F-11D3-BF4B-00C04F79EFBC}") = "SEGSQLlib", "SEGSQLlib\SEGSQLlib.csproj", "{A02EC38A-067E-4F88-BCE7-0BD3B5FE28C3}"
EndProject
Global
	GlobalSection(SolutionConfigurationPlatforms) = preSolution
		Debug|Any CPU = Debug|Any CPU
		Debug|ARM = Debug|ARM
		Debug|x64 = Debug|x64
		Debug|x86 = Debug|x86
		Release|Any CPU = Release|Any CPU
		Release|ARM = Release|ARM
		Release|x64 = Release|x64
		Release|x86 = Release|x86
	EndGlobalSection
	GlobalSection(ProjectConfigurationPlatforms) = postSolution
		{D1EFAC17-4A03-4B38-BC5C-5C2FA74DF999}.Debug|Any CPU.ActiveCfg = Debug|Any CPU
		{D1EFAC17-4A03-4B38-BC5C-5C2FA74DF999}.Debug|Any CPU.Build.0 = Debug|Any CPU
		{D1EFAC17-4A03-4B38-BC5C-5C2FA74DF999}.Debug|ARM.ActiveCfg = Debug|Any CPU
		{D1EFAC17-4A03-4B38-BC5C-5C2FA74DF999}.Debug|ARM.Build.0 = Debug|Any CPU
		{D1EFAC17-4A03-4B38-BC5C-5C2FA74DF999}.Debug|x64.ActiveCfg = Debug|Any CPU
		{D1EFAC17-4A03-4B38-BC5C-5C2FA74DF999}.Debug|x64.Build.0 = Debug|Any CPU
		{D1EFAC17-4A03-4B38-BC5C-5C2FA74DF999}.Debug|x86.ActiveCfg = Debug|Any CPU
		{D1EFAC17-4A03-4B38-BC5C-5C2FA74DF999}.Debug|x86.Build.0 = Debug|Any CPU
		{D1EFAC17-4A03-4B38-BC5C-5C2FA74DF999}.Release|Any CPU.ActiveCfg = Release|Any CPU
		{D1EFAC17-4A03-4B38-BC5C-5C2FA74DF999}.Release|Any CPU.Build.0 = Release|Any CPU
		{D1EFAC17-4A03-4B38-BC5C-5C2FA74DF999}.Release|ARM.ActiveCfg = Release|Any CPU
		{D1EFAC17-4A03-4B38-BC5C-5C2FA74DF999}.Release|ARM.Build.0 = Release|Any CPU
		{D1EFAC17-4A03-4B38-BC5C-5C2FA74DF999}.Release|x64.ActiveCfg = Release|Any CPU
		{D1EFAC17-4A03-4B38-BC5C-5C2FA74DF999}.Release|x64.Build.0 = Release|Any CPU
		{D1EFAC17-4A03-4B38-BC5C-5C2FA74DF999}.Release|x86.ActiveCfg = Release|Any CPU
		{D1EFAC17-4A03-4B38-BC5C-5C2FA74DF999}.Release|x86.Build.0 = Release|Any CPU
		{28AE5A3E-FDBD-4C31-ABF0-0BAE75A8649E}.Debug|Any CPU.ActiveCfg = Debug|Any CPU
		{28AE5A3E-FDBD-4C31-ABF0-0BAE75A8649E}.Debug|Any CPU.Build.0 = Debug|Any CPU
		{28AE5A3E-FDBD-4C31-ABF0-0BAE75A8649E}.Debug|ARM.ActiveCfg = Debug|Any CPU
		{28AE5A3E-FDBD-4C31-ABF0-0BAE75A8649E}.Debug|ARM.Build.0 = Debug|Any CPU
		{28AE5A3E-FDBD-4C31-ABF0-0BAE75A8649E}.Debug|x64.ActiveCfg = Debug|Any CPU
		{28AE5A3E-FDBD-4C31-ABF0-0BAE75A8649E}.Debug|x64.Build.0 = Debug|Any CPU
		{28AE5A3E-FDBD-4C31-ABF0-0BAE75A8649E}.Debug|x86.ActiveCfg = Debug|Any CPU
		{28AE5A3E-FDBD-4C31-ABF0-0BAE75A8649E}.Debug|x86.Build.0 = Debug|Any CPU
		{28AE5A3E-FDBD-4C31-ABF0-0BAE75A8649E}.Release|Any CPU.ActiveCfg = Release|Any CPU
		{28AE5A3E-FDBD-4C31-ABF0-0BAE75A8649E}.Release|Any CPU.Build.0 = Release|Any CPU
		{28AE5A3E-FDBD-4C31-ABF0-0BAE75A8649E}.Release|ARM.ActiveCfg = Release|Any CPU
		{28AE5A3E-FDBD-4C31-ABF0-0BAE75A8649E}.Release|ARM.Build.0 = Release|Any CPU
		{28AE5A3E-FDBD-4C31-ABF0-0BAE75A8649E}.Release|x64.ActiveCfg = Release|Any CPU
		{28AE5A3E-FDBD-4C31-ABF0-0BAE75A8649E}.Release|x64.Build.0 = Release|Any CPU
		{28AE5A3E-FDBD-4C31-ABF0-0BAE75A8649E}.Release|x86.ActiveCfg = Release|Any CPU
		{28AE5A3E-FDBD-4C31-ABF0-0BAE75A8649E}.Release|x86.Build.0 = Release|Any CPU
		{5FD811AB-95FD-4CEB-AE45-5F9226F86C1F}.Debug|Any CPU.ActiveCfg = Debug|Any CPU
		{5FD811AB-95FD-4CEB-AE45-5F9226F86C1F}.Debug|Any CPU.Build.0 = Debug|Any CPU
		{5FD811AB-95FD-4CEB-AE45-5F9226F86C1F}.Debug|Any CPU.Deploy.0 = Debug|Any CPU
		{5FD811AB-95FD-4CEB-AE45-5F9226F86C1F}.Debug|ARM.ActiveCfg = Debug|Any CPU
		{5FD811AB-95FD-4CEB-AE45-5F9226F86C1F}.Debug|ARM.Build.0 = Debug|Any CPU
		{5FD811AB-95FD-4CEB-AE45-5F9226F86C1F}.Debug|ARM.Deploy.0 = Debug|Any CPU
		{5FD811AB-95FD-4CEB-AE45-5F9226F86C1F}.Debug|x64.ActiveCfg = Debug|Any CPU
		{5FD811AB-95FD-4CEB-AE45-5F9226F86C1F}.Debug|x64.Build.0 = Debug|Any CPU
		{5FD811AB-95FD-4CEB-AE45-5F9226F86C1F}.Debug|x64.Deploy.0 = Debug|Any CPU
		{5FD811AB-95FD-4CEB-AE45-5F9226F86C1F}.Debug|x86.ActiveCfg = Debug|Any CPU
		{5FD811AB-95FD-4CEB-AE45-5F9226F86C1F}.Debug|x86.Build.0 = Debug|Any CPU
		{5FD811AB-95FD-4CEB-AE45-5F9226F86C1F}.Debug|x86.Deploy.0 = Debug|Any CPU
		{5FD811AB-95FD-4CEB-AE45-5F9226F86C1F}.Release|Any CPU.ActiveCfg = Release|Any CPU
		{5FD811AB-95FD-4CEB-AE45-5F9226F86C1F}.Release|Any CPU.Build.0 = Release|Any CPU
		{5FD811AB-95FD-4CEB-AE45-5F9226F86C1F}.Release|Any CPU.Deploy.0 = Release|Any CPU
		{5FD811AB-95FD-4CEB-AE45-5F9226F86C1F}.Release|ARM.ActiveCfg = Release|Any CPU
		{5FD811AB-95FD-4CEB-AE45-5F9226F86C1F}.Release|ARM.Build.0 = Release|Any CPU
		{5FD811AB-95FD-4CEB-AE45-5F9226F86C1F}.Release|ARM.Deploy.0 = Release|Any CPU
		{5FD811AB-95FD-4CEB-AE45-5F9226F86C1F}.Release|x64.ActiveCfg = Release|Any CPU
		{5FD811AB-95FD-4CEB-AE45-5F9226F86C1F}.Release|x64.Build.0 = Release|Any CPU
		{5FD811AB-95FD-4CEB-AE45-5F9226F86C1F}.Release|x64.Deploy.0 = Release|Any CPU
		{5FD811AB-95FD-4CEB-AE45-5F9226F86C1F}.Release|x86.ActiveCfg = Release|Any CPU
		{5FD811AB-95FD-4CEB-AE45-5F9226F86C1F}.Release|x86.Build.0 = Release|Any CPU
		{5FD811AB-95FD-4CEB-AE45-5F9226F86C1F}.Release|x86.Deploy.0 = Release|Any CPU
		{1CBA6848-C383-4909-BA7B-9C3DA2AB6C5A}.Debug|Any CPU.ActiveCfg = Debug|Any CPU
		{1CBA6848-C383-4909-BA7B-9C3DA2AB6C5A}.Debug|Any CPU.Build.0 = Debug|Any CPU
		{1CBA6848-C383-4909-BA7B-9C3DA2AB6C5A}.Debug|ARM.ActiveCfg = Debug|Any CPU
		{1CBA6848-C383-4909-BA7B-9C3DA2AB6C5A}.Debug|ARM.Build.0 = Debug|Any CPU
		{1CBA6848-C383-4909-BA7B-9C3DA2AB6C5A}.Debug|x64.ActiveCfg = Debug|Any CPU
		{1CBA6848-C383-4909-BA7B-9C3DA2AB6C5A}.Debug|x64.Build.0 = Debug|Any CPU
		{1CBA6848-C383-4909-BA7B-9C3DA2AB6C5A}.Debug|x86.ActiveCfg = Debug|Any CPU
		{1CBA6848-C383-4909-BA7B-9C3DA2AB6C5A}.Debug|x86.Build.0 = Debug|Any CPU
		{1CBA6848-C383-4909-BA7B-9C3DA2AB6C5A}.Release|Any CPU.ActiveCfg = Release|Any CPU
		{1CBA6848-C383-4909-BA7B-9C3DA2AB6C5A}.Release|Any CPU.Build.0 = Release|Any CPU
		{1CBA6848-C383-4909-BA7B-9C3DA2AB6C5A}.Release|ARM.ActiveCfg = Release|Any CPU
		{1CBA6848-C383-4909-BA7B-9C3DA2AB6C5A}.Release|ARM.Build.0 = Release|Any CPU
		{1CBA6848-C383-4909-BA7B-9C3DA2AB6C5A}.Release|x64.ActiveCfg = Release|Any CPU
		{1CBA6848-C383-4909-BA7B-9C3DA2AB6C5A}.Release|x64.Build.0 = Release|Any CPU
		{1CBA6848-C383-4909-BA7B-9C3DA2AB6C5A}.Release|x86.ActiveCfg = Release|Any CPU
		{1CBA6848-C383-4909-BA7B-9C3DA2AB6C5A}.Release|x86.Build.0 = Release|Any CPU
		{4E92B4D8-0A97-4D04-9995-7572AA55EE35}.Debug|Any CPU.ActiveCfg = Debug|Any CPU
		{4E92B4D8-0A97-4D04-9995-7572AA55EE35}.Debug|Any CPU.Build.0 = Debug|Any CPU
		{4E92B4D8-0A97-4D04-9995-7572AA55EE35}.Debug|ARM.ActiveCfg = Debug|Any CPU
		{4E92B4D8-0A97-4D04-9995-7572AA55EE35}.Debug|ARM.Build.0 = Debug|Any CPU
		{4E92B4D8-0A97-4D04-9995-7572AA55EE35}.Debug|x64.ActiveCfg = Debug|Any CPU
		{4E92B4D8-0A97-4D04-9995-7572AA55EE35}.Debug|x64.Build.0 = Debug|Any CPU
		{4E92B4D8-0A97-4D04-9995-7572AA55EE35}.Debug|x86.ActiveCfg = Debug|Any CPU
		{4E92B4D8-0A97-4D04-9995-7572AA55EE35}.Debug|x86.Build.0 = Debug|Any CPU
		{4E92B4D8-0A97-4D04-9995-7572AA55EE35}.Release|Any CPU.ActiveCfg = Release|Any CPU
		{4E92B4D8-0A97-4D04-9995-7572AA55EE35}.Release|Any CPU.Build.0 = Release|Any CPU
		{4E92B4D8-0A97-4D04-9995-7572AA55EE35}.Release|ARM.ActiveCfg = Release|Any CPU
		{4E92B4D8-0A97-4D04-9995-7572AA55EE35}.Release|ARM.Build.0 = Release|Any CPU
		{4E92B4D8-0A97-4D04-9995-7572AA55EE35}.Release|x64.ActiveCfg = Release|Any CPU
		{4E92B4D8-0A97-4D04-9995-7572AA55EE35}.Release|x64.Build.0 = Release|Any CPU
		{4E92B4D8-0A97-4D04-9995-7572AA55EE35}.Release|x86.ActiveCfg = Release|Any CPU
		{4E92B4D8-0A97-4D04-9995-7572AA55EE35}.Release|x86.Build.0 = Release|Any CPU
		{039ACCA8-8B64-4361-A6C9-E7B3A621323F}.Debug|Any CPU.ActiveCfg = Debug|Win32
		{039ACCA8-8B64-4361-A6C9-E7B3A621323F}.Debug|ARM.ActiveCfg = Debug|ARM
		{039ACCA8-8B64-4361-A6C9-E7B3A621323F}.Debug|ARM.Build.0 = Debug|ARM
		{039ACCA8-8B64-4361-A6C9-E7B3A621323F}.Debug|ARM.Deploy.0 = Debug|ARM
		{039ACCA8-8B64-4361-A6C9-E7B3A621323F}.Debug|x64.ActiveCfg = Debug|x64
		{039ACCA8-8B64-4361-A6C9-E7B3A621323F}.Debug|x64.Build.0 = Debug|x64
		{039ACCA8-8B64-4361-A6C9-E7B3A621323F}.Debug|x64.Deploy.0 = Debug|x64
		{039ACCA8-8B64-4361-A6C9-E7B3A621323F}.Debug|x86.ActiveCfg = Debug|Win32
		{039ACCA8-8B64-4361-A6C9-E7B3A621323F}.Debug|x86.Build.0 = Debug|Win32
		{039ACCA8-8B64-4361-A6C9-E7B3A621323F}.Debug|x86.Deploy.0 = Debug|Win32
		{039ACCA8-8B64-4361-A6C9-E7B3A621323F}.Release|Any CPU.ActiveCfg = Release|Win32
		{039ACCA8-8B64-4361-A6C9-E7B3A621323F}.Release|ARM.ActiveCfg = Release|ARM
		{039ACCA8-8B64-4361-A6C9-E7B3A621323F}.Release|ARM.Build.0 = Release|ARM
		{039ACCA8-8B64-4361-A6C9-E7B3A621323F}.Release|ARM.Deploy.0 = Release|ARM
		{039ACCA8-8B64-4361-A6C9-E7B3A621323F}.Release|x64.ActiveCfg = Release|x64
		{039ACCA8-8B64-4361-A6C9-E7B3A621323F}.Release|x64.Build.0 = Release|x64
		{039ACCA8-8B64-4361-A6C9-E7B3A621323F}.Release|x64.Deploy.0 = Release|x64
		{039ACCA8-8B64-4361-A6C9-E7B3A621323F}.Release|x86.ActiveCfg = Release|Win32
		{039ACCA8-8B64-4361-A6C9-E7B3A621323F}.Release|x86.Build.0 = Release|Win32
		{039ACCA8-8B64-4361-A6C9-E7B3A621323F}.Release|x86.Deploy.0 = Release|Win32
		{A02EC38A-067E-4F88-BCE7-0BD3B5FE28C3}.Debug|Any CPU.ActiveCfg = Debug|Any CPU
		{A02EC38A-067E-4F88-BCE7-0BD3B5FE28C3}.Debug|Any CPU.Build.0 = Debug|Any CPU
		{A02EC38A-067E-4F88-BCE7-0BD3B5FE28C3}.Debug|ARM.ActiveCfg = Debug|ARM
		{A02EC38A-067E-4F88-BCE7-0BD3B5FE28C3}.Debug|ARM.Build.0 = Debug|ARM
		{A02EC38A-067E-4F88-BCE7-0BD3B5FE28C3}.Debug|x64.ActiveCfg = Debug|x64
		{A02EC38A-067E-4F88-BCE7-0BD3B5FE28C3}.Debug|x64.Build.0 = Debug|x64
		{A02EC38A-067E-4F88-BCE7-0BD3B5FE28C3}.Debug|x86.ActiveCfg = Debug|x86
		{A02EC38A-067E-4F88-BCE7-0BD3B5FE28C3}.Debug|x86.Build.0 = Debug|x86
		{A02EC38A-067E-4F88-BCE7-0BD3B5FE28C3}.Release|Any CPU.ActiveCfg = Release|Any CPU
		{A02EC38A-067E-4F88-BCE7-0BD3B5FE28C3}.Release|Any CPU.Build.0 = Release|Any CPU
		{A02EC38A-067E-4F88-BCE7-0BD3B5FE28C3}.Release|ARM.ActiveCfg = Release|ARM
		{A02EC38A-067E-4F88-BCE7-0BD3B5FE28C3}.Release|ARM.Build.0 = Release|ARM
		{A02EC38A-067E-4F88-BCE7-0BD3B5FE28C3}.Release|x64.ActiveCfg = Release|x64
		{A02EC38A-067E-4F88-BCE7-0BD3B5FE28C3}.Release|x64.Build.0 = Release|x64
		{A02EC38A-067E-4F88-BCE7-0BD3B5FE28C3}.Release|x86.ActiveCfg = Release|x86
		{A02EC38A-067E-4F88-BCE7-0BD3B5FE28C3}.Release|x86.Build.0 = Release|x86
	EndGlobalSection
	GlobalSection(SolutionProperties) = preSolution
		HideSolutionNode = FALSE
	EndGlobalSection
EndGlobal
